{
  "lockfile_version": "1",
  "packages": {
    "github:NixOS/nixpkgs/nixpkgs-unstable": {
      "last_modified": "2025-11-05T16:44:39Z",
      "resolved": "github:NixOS/nixpkgs/ffcdcf99d65c61956d882df249a9be53e5902ea5?lastModified=1762361079"
    },
    "uv@0.7.19": {
      "last_modified": "2025-07-04T02:32:11Z",
      "resolved": "github:NixOS/nixpkgs/472908faa934435cf781ae8fac77291af3d137d3#uv",
      "source": "devbox-search",
      "version": "0.7.19",
      "systems": {
        "aarch64-darwin": {
          "outputs": [
            {
              "name": "out",
              "path": "/nix/store/wqsjqa8jj9ncm8kphpazc17c3ixwpmsl-uv-0.7.19",
              "default": true
            }
          ],
          "store_path": "/nix/store/wqsjqa8jj9ncm8kphpazc17c3ixwpmsl-uv-0.7.19"
        },
        "aarch64-linux": {
          "outputs": [
            {
              "name": "out",
              "path": "/nix/store/4xnxw14jj9x0dcpy0vybrpa2fyikddgq-uv-0.7.19",
              "default": true
            }
          ],
          "store_path": "/nix/store/4xnxw14jj9x0dcpy0vybrpa2fyikddgq-uv-0.7.19"
        },
        "x86_64-darwin": {
          "outputs": [
            {
              "name": "out",
              "path": "/nix/store/07wkg06d2ns86v93zg8f4k29d4lig2nb-uv-0.7.19",
              "default": true
            }
          ],
          "store_path": "/nix/store/07wkg06d2ns86v93zg8f4k29d4lig2nb-uv-0.7.19"
        },
        "x86_64-linux": {
          "outputs": [
            {
              "name": "out",
              "path": "/nix/store/hmc2i2v7f3y6cpn4ydrbf4aki5rr1564-uv-0.7.19",
              "default": true
            }
          ],
          "store_path": "/nix/store/hmc2i2v7f3y6cpn4ydrbf4aki5rr1564-uv-0.7.19"
        }
      }
    }
  }
}
